// !$*UTF8*$!
{
	archiveVersion = 1;
	classes = {
	};
	objectVersion = 46;
	objects = {

/* Begin PBXBuildFile section */
		18E4B2C3202F6BDB00B61996 /* ColorsConfig.swift in Sources */ = {isa = PBXBuildFile; fileRef = 18E4B2C2202F6BDB00B61996 /* ColorsConfig.swift */; };
		55E1221E1A588CB60013B002 /* AppDelegate.swift in Sources */ = {isa = PBXBuildFile; fileRef = 55E1221D1A588CB60013B002 /* AppDelegate.swift */; };
		55E122201A588CB60013B002 /* ViewController.swift in Sources */ = {isa = PBXBuildFile; fileRef = 55E1221F1A588CB60013B002 /* ViewController.swift */; };
		55E122231A588CB60013B002 /* Main.storyboard in Resources */ = {isa = PBXBuildFile; fileRef = 55E122211A588CB60013B002 /* Main.storyboard */; };
		55E122251A588CB60013B002 /* Images.xcassets in Resources */ = {isa = PBXBuildFile; fileRef = 55E122241A588CB60013B002 /* Images.xcassets */; };
		55E122281A588CB60013B002 /* LaunchScreen.xib in Resources */ = {isa = PBXBuildFile; fileRef = 55E122261A588CB60013B002 /* LaunchScreen.xib */; };
		55E122341A588CB60013B002 /* CVCalendar_DemoTests.swift in Sources */ = {isa = PBXBuildFile; fileRef = 55E122331A588CB60013B002 /* CVCalendar_DemoTests.swift */; };
		564E03441D51DA100088B8D3 /* CVAuxiliaryView.swift in Sources */ = {isa = PBXBuildFile; fileRef = 564E03251D51DA100088B8D3 /* CVAuxiliaryView.swift */; };
		564E03451D51DA100088B8D3 /* CVCalendarContentViewController.swift in Sources */ = {isa = PBXBuildFile; fileRef = 564E03271D51DA100088B8D3 /* CVCalendarContentViewController.swift */; };
		564E03461D51DA100088B8D3 /* CVCalendarDayView.swift in Sources */ = {isa = PBXBuildFile; fileRef = 564E03281D51DA100088B8D3 /* CVCalendarDayView.swift */; };
		564E03471D51DA100088B8D3 /* CVCalendarDayViewControlCoordinator.swift in Sources */ = {isa = PBXBuildFile; fileRef = 564E03291D51DA100088B8D3 /* CVCalendarDayViewControlCoordinator.swift */; };
		564E03481D51DA100088B8D3 /* CVCalendarManager.swift in Sources */ = {isa = PBXBuildFile; fileRef = 564E032A1D51DA100088B8D3 /* CVCalendarManager.swift */; };
		564E03491D51DA100088B8D3 /* CVCalendarMenuView.swift in Sources */ = {isa = PBXBuildFile; fileRef = 564E032B1D51DA100088B8D3 /* CVCalendarMenuView.swift */; };
		564E034A1D51DA100088B8D3 /* CVCalendarMenuViewDelegate.swift in Sources */ = {isa = PBXBuildFile; fileRef = 564E032C1D51DA100088B8D3 /* CVCalendarMenuViewDelegate.swift */; };
		564E034B1D51DA100088B8D3 /* CVCalendarMonthContentViewController.swift in Sources */ = {isa = PBXBuildFile; fileRef = 564E032D1D51DA100088B8D3 /* CVCalendarMonthContentViewController.swift */; };
		564E034C1D51DA100088B8D3 /* CVCalendarMonthView.swift in Sources */ = {isa = PBXBuildFile; fileRef = 564E032E1D51DA100088B8D3 /* CVCalendarMonthView.swift */; };
		564E034D1D51DA100088B8D3 /* CVCalendarTouchController.swift in Sources */ = {isa = PBXBuildFile; fileRef = 564E032F1D51DA100088B8D3 /* CVCalendarTouchController.swift */; };
		564E034E1D51DA100088B8D3 /* CVCalendarView.swift in Sources */ = {isa = PBXBuildFile; fileRef = 564E03301D51DA100088B8D3 /* CVCalendarView.swift */; };
		564E034F1D51DA100088B8D3 /* CVCalendarViewAnimator.swift in Sources */ = {isa = PBXBuildFile; fileRef = 564E03311D51DA100088B8D3 /* CVCalendarViewAnimator.swift */; };
		564E03501D51DA100088B8D3 /* CVCalendarViewAnimatorDelegate.swift in Sources */ = {isa = PBXBuildFile; fileRef = 564E03321D51DA100088B8D3 /* CVCalendarViewAnimatorDelegate.swift */; };
		564E03511D51DA100088B8D3 /* CVCalendarViewAppearance.swift in Sources */ = {isa = PBXBuildFile; fileRef = 564E03331D51DA100088B8D3 /* CVCalendarViewAppearance.swift */; };
		564E03521D51DA100088B8D3 /* CVCalendarViewAppearanceDelegate.swift in Sources */ = {isa = PBXBuildFile; fileRef = 564E03341D51DA100088B8D3 /* CVCalendarViewAppearanceDelegate.swift */; };
		564E03531D51DA100088B8D3 /* CVCalendarViewDelegate.swift in Sources */ = {isa = PBXBuildFile; fileRef = 564E03351D51DA100088B8D3 /* CVCalendarViewDelegate.swift */; };
		564E03541D51DA100088B8D3 /* CVCalendarViewPresentationMode.swift in Sources */ = {isa = PBXBuildFile; fileRef = 564E03361D51DA100088B8D3 /* CVCalendarViewPresentationMode.swift */; };
		564E03551D51DA100088B8D3 /* CVCalendarWeekContentViewController.swift in Sources */ = {isa = PBXBuildFile; fileRef = 564E03371D51DA100088B8D3 /* CVCalendarWeekContentViewController.swift */; };
		564E03561D51DA100088B8D3 /* CVCalendarWeekday.swift in Sources */ = {isa = PBXBuildFile; fileRef = 564E03381D51DA100088B8D3 /* CVCalendarWeekday.swift */; };
		564E03571D51DA100088B8D3 /* CVCalendarWeekView.swift in Sources */ = {isa = PBXBuildFile; fileRef = 564E03391D51DA100088B8D3 /* CVCalendarWeekView.swift */; };
		564E03581D51DA100088B8D3 /* CVDate.swift in Sources */ = {isa = PBXBuildFile; fileRef = 564E033A1D51DA100088B8D3 /* CVDate.swift */; };
		564E03591D51DA100088B8D3 /* CVPresent.swift in Sources */ = {isa = PBXBuildFile; fileRef = 564E033B1D51DA100088B8D3 /* CVPresent.swift */; };
		564E035A1D51DA100088B8D3 /* CVRange.swift in Sources */ = {isa = PBXBuildFile; fileRef = 564E033C1D51DA100088B8D3 /* CVRange.swift */; };
		564E035B1D51DA100088B8D3 /* CVScrollDirection.swift in Sources */ = {isa = PBXBuildFile; fileRef = 564E033D1D51DA100088B8D3 /* CVScrollDirection.swift */; };
		564E035C1D51DA100088B8D3 /* CVSelectionType.swift in Sources */ = {isa = PBXBuildFile; fileRef = 564E033E1D51DA100088B8D3 /* CVSelectionType.swift */; };
		564E035D1D51DA100088B8D3 /* CVSet.swift in Sources */ = {isa = PBXBuildFile; fileRef = 564E033F1D51DA100088B8D3 /* CVSet.swift */; };
		564E035E1D51DA100088B8D3 /* CVShape.swift in Sources */ = {isa = PBXBuildFile; fileRef = 564E03401D51DA100088B8D3 /* CVShape.swift */; };
		564E035F1D51DA100088B8D3 /* CVStatus.swift in Sources */ = {isa = PBXBuildFile; fileRef = 564E03411D51DA100088B8D3 /* CVStatus.swift */; };
		564E03601D51DA100088B8D3 /* CVWeekdaySymbolType.swift in Sources */ = {isa = PBXBuildFile; fileRef = 564E03421D51DA100088B8D3 /* CVWeekdaySymbolType.swift */; };
		AAAC86141E4E57C100D098DF /* CVCalendarContentPresentationCoordinator.swift in Sources */ = {isa = PBXBuildFile; fileRef = AAAC86131E4E57C100D098DF /* CVCalendarContentPresentationCoordinator.swift */; };
/* End PBXBuildFile section */

/* Begin PBXContainerItemProxy section */
		55E1222E1A588CB60013B002 /* PBXContainerItemProxy */ = {
			isa = PBXContainerItemProxy;
			containerPortal = 55E122101A588CB60013B002 /* Project object */;
			proxyType = 1;
			remoteGlobalIDString = 55E122171A588CB60013B002;
			remoteInfo = "CVCalendar Demo";
		};
/* End PBXContainerItemProxy section */

/* Begin PBXFileReference section */
		18E4B2C2202F6BDB00B61996 /* ColorsConfig.swift */ = {isa = PBXFileReference; lastKnownFileType = sourcecode.swift; path = ColorsConfig.swift; sourceTree = "<group>"; };
		55E122181A588CB60013B002 /* CVCalendar Demo.app */ = {isa = PBXFileReference; explicitFileType = wrapper.application; includeInIndex = 0; path = "CVCalendar Demo.app"; sourceTree = BUILT_PRODUCTS_DIR; };
		55E1221C1A588CB60013B002 /* Info.plist */ = {isa = PBXFileReference; lastKnownFileType = text.plist.xml; path = Info.plist; sourceTree = "<group>"; };
		55E1221D1A588CB60013B002 /* AppDelegate.swift */ = {isa = PBXFileReference; lastKnownFileType = sourcecode.swift; path = AppDelegate.swift; sourceTree = "<group>"; };
		55E1221F1A588CB60013B002 /* ViewController.swift */ = {isa = PBXFileReference; lastKnownFileType = sourcecode.swift; path = ViewController.swift; sourceTree = "<group>"; };
		55E122221A588CB60013B002 /* Base */ = {isa = PBXFileReference; lastKnownFileType = file.storyboard; name = Base; path = Base.lproj/Main.storyboard; sourceTree = "<group>"; };
		55E122241A588CB60013B002 /* Images.xcassets */ = {isa = PBXFileReference; lastKnownFileType = folder.assetcatalog; path = Images.xcassets; sourceTree = "<group>"; };
		55E122271A588CB60013B002 /* Base */ = {isa = PBXFileReference; lastKnownFileType = file.xib; name = Base; path = Base.lproj/LaunchScreen.xib; sourceTree = "<group>"; };
		55E1222D1A588CB60013B002 /* CVCalendar DemoTests.xctest */ = {isa = PBXFileReference; explicitFileType = wrapper.cfbundle; includeInIndex = 0; path = "CVCalendar DemoTests.xctest"; sourceTree = BUILT_PRODUCTS_DIR; };
		55E122321A588CB60013B002 /* Info.plist */ = {isa = PBXFileReference; lastKnownFileType = text.plist.xml; path = Info.plist; sourceTree = "<group>"; };
		55E122331A588CB60013B002 /* CVCalendar_DemoTests.swift */ = {isa = PBXFileReference; lastKnownFileType = sourcecode.swift; path = CVCalendar_DemoTests.swift; sourceTree = "<group>"; };
		564E03251D51DA100088B8D3 /* CVAuxiliaryView.swift */ = {isa = PBXFileReference; fileEncoding = 4; lastKnownFileType = sourcecode.swift; path = CVAuxiliaryView.swift; sourceTree = "<group>"; };
		564E03261D51DA100088B8D3 /* CVCalendar.h */ = {isa = PBXFileReference; fileEncoding = 4; lastKnownFileType = sourcecode.c.h; path = CVCalendar.h; sourceTree = "<group>"; };
		564E03271D51DA100088B8D3 /* CVCalendarContentViewController.swift */ = {isa = PBXFileReference; fileEncoding = 4; lastKnownFileType = sourcecode.swift; path = CVCalendarContentViewController.swift; sourceTree = "<group>"; };
		564E03281D51DA100088B8D3 /* CVCalendarDayView.swift */ = {isa = PBXFileReference; fileEncoding = 4; lastKnownFileType = sourcecode.swift; path = CVCalendarDayView.swift; sourceTree = "<group>"; };
		564E03291D51DA100088B8D3 /* CVCalendarDayViewControlCoordinator.swift */ = {isa = PBXFileReference; fileEncoding = 4; lastKnownFileType = sourcecode.swift; path = CVCalendarDayViewControlCoordinator.swift; sourceTree = "<group>"; };
		564E032A1D51DA100088B8D3 /* CVCalendarManager.swift */ = {isa = PBXFileReference; fileEncoding = 4; lastKnownFileType = sourcecode.swift; path = CVCalendarManager.swift; sourceTree = "<group>"; };
		564E032B1D51DA100088B8D3 /* CVCalendarMenuView.swift */ = {isa = PBXFileReference; fileEncoding = 4; lastKnownFileType = sourcecode.swift; path = CVCalendarMenuView.swift; sourceTree = "<group>"; };
		564E032C1D51DA100088B8D3 /* CVCalendarMenuViewDelegate.swift */ = {isa = PBXFileReference; fileEncoding = 4; lastKnownFileType = sourcecode.swift; path = CVCalendarMenuViewDelegate.swift; sourceTree = "<group>"; };
		564E032D1D51DA100088B8D3 /* CVCalendarMonthContentViewController.swift */ = {isa = PBXFileReference; fileEncoding = 4; lastKnownFileType = sourcecode.swift; path = CVCalendarMonthContentViewController.swift; sourceTree = "<group>"; };
		564E032E1D51DA100088B8D3 /* CVCalendarMonthView.swift */ = {isa = PBXFileReference; fileEncoding = 4; lastKnownFileType = sourcecode.swift; path = CVCalendarMonthView.swift; sourceTree = "<group>"; };
		564E032F1D51DA100088B8D3 /* CVCalendarTouchController.swift */ = {isa = PBXFileReference; fileEncoding = 4; lastKnownFileType = sourcecode.swift; path = CVCalendarTouchController.swift; sourceTree = "<group>"; };
		564E03301D51DA100088B8D3 /* CVCalendarView.swift */ = {isa = PBXFileReference; fileEncoding = 4; lastKnownFileType = sourcecode.swift; path = CVCalendarView.swift; sourceTree = "<group>"; };
		564E03311D51DA100088B8D3 /* CVCalendarViewAnimator.swift */ = {isa = PBXFileReference; fileEncoding = 4; lastKnownFileType = sourcecode.swift; path = CVCalendarViewAnimator.swift; sourceTree = "<group>"; };
		564E03321D51DA100088B8D3 /* CVCalendarViewAnimatorDelegate.swift */ = {isa = PBXFileReference; fileEncoding = 4; lastKnownFileType = sourcecode.swift; path = CVCalendarViewAnimatorDelegate.swift; sourceTree = "<group>"; };
		564E03331D51DA100088B8D3 /* CVCalendarViewAppearance.swift */ = {isa = PBXFileReference; fileEncoding = 4; lastKnownFileType = sourcecode.swift; path = CVCalendarViewAppearance.swift; sourceTree = "<group>"; };
		564E03341D51DA100088B8D3 /* CVCalendarViewAppearanceDelegate.swift */ = {isa = PBXFileReference; fileEncoding = 4; lastKnownFileType = sourcecode.swift; path = CVCalendarViewAppearanceDelegate.swift; sourceTree = "<group>"; };
		564E03351D51DA100088B8D3 /* CVCalendarViewDelegate.swift */ = {isa = PBXFileReference; fileEncoding = 4; lastKnownFileType = sourcecode.swift; path = CVCalendarViewDelegate.swift; sourceTree = "<group>"; };
		564E03361D51DA100088B8D3 /* CVCalendarViewPresentationMode.swift */ = {isa = PBXFileReference; fileEncoding = 4; lastKnownFileType = sourcecode.swift; path = CVCalendarViewPresentationMode.swift; sourceTree = "<group>"; };
		564E03371D51DA100088B8D3 /* CVCalendarWeekContentViewController.swift */ = {isa = PBXFileReference; fileEncoding = 4; lastKnownFileType = sourcecode.swift; path = CVCalendarWeekContentViewController.swift; sourceTree = "<group>"; };
		564E03381D51DA100088B8D3 /* CVCalendarWeekday.swift */ = {isa = PBXFileReference; fileEncoding = 4; lastKnownFileType = sourcecode.swift; path = CVCalendarWeekday.swift; sourceTree = "<group>"; };
		564E03391D51DA100088B8D3 /* CVCalendarWeekView.swift */ = {isa = PBXFileReference; fileEncoding = 4; lastKnownFileType = sourcecode.swift; path = CVCalendarWeekView.swift; sourceTree = "<group>"; };
		564E033A1D51DA100088B8D3 /* CVDate.swift */ = {isa = PBXFileReference; fileEncoding = 4; lastKnownFileType = sourcecode.swift; path = CVDate.swift; sourceTree = "<group>"; };
		564E033B1D51DA100088B8D3 /* CVPresent.swift */ = {isa = PBXFileReference; fileEncoding = 4; lastKnownFileType = sourcecode.swift; path = CVPresent.swift; sourceTree = "<group>"; };
		564E033C1D51DA100088B8D3 /* CVRange.swift */ = {isa = PBXFileReference; fileEncoding = 4; lastKnownFileType = sourcecode.swift; path = CVRange.swift; sourceTree = "<group>"; };
		564E033D1D51DA100088B8D3 /* CVScrollDirection.swift */ = {isa = PBXFileReference; fileEncoding = 4; lastKnownFileType = sourcecode.swift; path = CVScrollDirection.swift; sourceTree = "<group>"; };
		564E033E1D51DA100088B8D3 /* CVSelectionType.swift */ = {isa = PBXFileReference; fileEncoding = 4; lastKnownFileType = sourcecode.swift; path = CVSelectionType.swift; sourceTree = "<group>"; };
		564E033F1D51DA100088B8D3 /* CVSet.swift */ = {isa = PBXFileReference; fileEncoding = 4; lastKnownFileType = sourcecode.swift; path = CVSet.swift; sourceTree = "<group>"; };
		564E03401D51DA100088B8D3 /* CVShape.swift */ = {isa = PBXFileReference; fileEncoding = 4; lastKnownFileType = sourcecode.swift; path = CVShape.swift; sourceTree = "<group>"; };
		564E03411D51DA100088B8D3 /* CVStatus.swift */ = {isa = PBXFileReference; fileEncoding = 4; lastKnownFileType = sourcecode.swift; path = CVStatus.swift; sourceTree = "<group>"; };
		564E03421D51DA100088B8D3 /* CVWeekdaySymbolType.swift */ = {isa = PBXFileReference; fileEncoding = 4; lastKnownFileType = sourcecode.swift; path = CVWeekdaySymbolType.swift; sourceTree = "<group>"; };
		564E03431D51DA100088B8D3 /* Info.plist */ = {isa = PBXFileReference; fileEncoding = 4; lastKnownFileType = text.plist.xml; path = Info.plist; sourceTree = "<group>"; };
		AAAC86131E4E57C100D098DF /* CVCalendarContentPresentationCoordinator.swift */ = {isa = PBXFileReference; fileEncoding = 4; lastKnownFileType = sourcecode.swift; path = CVCalendarContentPresentationCoordinator.swift; sourceTree = "<group>"; };
/* End PBXFileReference section */

/* Begin PBXFrameworksBuildPhase section */
		55E122151A588CB60013B002 /* Frameworks */ = {
			isa = PBXFrameworksBuildPhase;
			buildActionMask = 2147483647;
			files = (
			);
			runOnlyForDeploymentPostprocessing = 0;
		};
		55E1222A1A588CB60013B002 /* Frameworks */ = {
			isa = PBXFrameworksBuildPhase;
			buildActionMask = 2147483647;
			files = (
			);
			runOnlyForDeploymentPostprocessing = 0;
		};
/* End PBXFrameworksBuildPhase section */

/* Begin PBXGroup section */
		55E1220F1A588CB60013B002 = {
			isa = PBXGroup;
			children = (
				55E1221A1A588CB60013B002 /* CVCalendar Demo */,
				55E122301A588CB60013B002 /* CVCalendar DemoTests */,
				55E122191A588CB60013B002 /* Products */,
				564E03241D51DA100088B8D3 /* CVCalendar */,
			);
			sourceTree = "<group>";
		};
		55E122191A588CB60013B002 /* Products */ = {
			isa = PBXGroup;
			children = (
				55E122181A588CB60013B002 /* CVCalendar Demo.app */,
				55E1222D1A588CB60013B002 /* CVCalendar DemoTests.xctest */,
			);
			name = Products;
			sourceTree = "<group>";
		};
		55E1221A1A588CB60013B002 /* CVCalendar Demo */ = {
			isa = PBXGroup;
			children = (
				55E1221D1A588CB60013B002 /* AppDelegate.swift */,
				18E4B2C2202F6BDB00B61996 /* ColorsConfig.swift */,
				55E1221F1A588CB60013B002 /* ViewController.swift */,
				55E122211A588CB60013B002 /* Main.storyboard */,
				55E122241A588CB60013B002 /* Images.xcassets */,
				55E122261A588CB60013B002 /* LaunchScreen.xib */,
				55E1221B1A588CB60013B002 /* Supporting Files */,
			);
			path = "CVCalendar Demo";
			sourceTree = "<group>";
		};
		55E1221B1A588CB60013B002 /* Supporting Files */ = {
			isa = PBXGroup;
			children = (
				55E1221C1A588CB60013B002 /* Info.plist */,
			);
			name = "Supporting Files";
			sourceTree = "<group>";
		};
		55E122301A588CB60013B002 /* CVCalendar DemoTests */ = {
			isa = PBXGroup;
			children = (
				55E122331A588CB60013B002 /* CVCalendar_DemoTests.swift */,
				55E122311A588CB60013B002 /* Supporting Files */,
			);
			path = "CVCalendar DemoTests";
			sourceTree = "<group>";
		};
		55E122311A588CB60013B002 /* Supporting Files */ = {
			isa = PBXGroup;
			children = (
				55E122321A588CB60013B002 /* Info.plist */,
			);
			name = "Supporting Files";
			sourceTree = "<group>";
		};
		564E03241D51DA100088B8D3 /* CVCalendar */ = {
			isa = PBXGroup;
			children = (
				564E03251D51DA100088B8D3 /* CVAuxiliaryView.swift */,
				564E03261D51DA100088B8D3 /* CVCalendar.h */,
				564E03271D51DA100088B8D3 /* CVCalendarContentViewController.swift */,
				564E03281D51DA100088B8D3 /* CVCalendarDayView.swift */,
				564E03291D51DA100088B8D3 /* CVCalendarDayViewControlCoordinator.swift */,
				564E032A1D51DA100088B8D3 /* CVCalendarManager.swift */,
				564E032B1D51DA100088B8D3 /* CVCalendarMenuView.swift */,
				564E032C1D51DA100088B8D3 /* CVCalendarMenuViewDelegate.swift */,
				564E032D1D51DA100088B8D3 /* CVCalendarMonthContentViewController.swift */,
				564E032E1D51DA100088B8D3 /* CVCalendarMonthView.swift */,
				564E032F1D51DA100088B8D3 /* CVCalendarTouchController.swift */,
				564E03301D51DA100088B8D3 /* CVCalendarView.swift */,
				564E03311D51DA100088B8D3 /* CVCalendarViewAnimator.swift */,
				564E03321D51DA100088B8D3 /* CVCalendarViewAnimatorDelegate.swift */,
				564E03331D51DA100088B8D3 /* CVCalendarViewAppearance.swift */,
				564E03341D51DA100088B8D3 /* CVCalendarViewAppearanceDelegate.swift */,
				564E03351D51DA100088B8D3 /* CVCalendarViewDelegate.swift */,
				564E03361D51DA100088B8D3 /* CVCalendarViewPresentationMode.swift */,
				564E03371D51DA100088B8D3 /* CVCalendarWeekContentViewController.swift */,
				AAAC86131E4E57C100D098DF /* CVCalendarContentPresentationCoordinator.swift */,
				564E03381D51DA100088B8D3 /* CVCalendarWeekday.swift */,
				564E03391D51DA100088B8D3 /* CVCalendarWeekView.swift */,
				564E033A1D51DA100088B8D3 /* CVDate.swift */,
				564E033B1D51DA100088B8D3 /* CVPresent.swift */,
				564E033C1D51DA100088B8D3 /* CVRange.swift */,
				564E033D1D51DA100088B8D3 /* CVScrollDirection.swift */,
				564E033E1D51DA100088B8D3 /* CVSelectionType.swift */,
				564E033F1D51DA100088B8D3 /* CVSet.swift */,
				564E03401D51DA100088B8D3 /* CVShape.swift */,
				564E03411D51DA100088B8D3 /* CVStatus.swift */,
				564E03421D51DA100088B8D3 /* CVWeekdaySymbolType.swift */,
				564E03431D51DA100088B8D3 /* Info.plist */,
			);
			name = CVCalendar;
			path = ../CVCalendar;
			sourceTree = "<group>";
		};
/* End PBXGroup section */

/* Begin PBXNativeTarget section */
		55E122171A588CB60013B002 /* CVCalendar Demo */ = {
			isa = PBXNativeTarget;
			buildConfigurationList = 55E122371A588CB60013B002 /* Build configuration list for PBXNativeTarget "CVCalendar Demo" */;
			buildPhases = (
				55E122141A588CB60013B002 /* Sources */,
				55E122151A588CB60013B002 /* Frameworks */,
				55E122161A588CB60013B002 /* Resources */,
			);
			buildRules = (
			);
			dependencies = (
			);
			name = "CVCalendar Demo";
			productName = "CVCalendar Demo";
			productReference = 55E122181A588CB60013B002 /* CVCalendar Demo.app */;
			productType = "com.apple.product-type.application";
		};
		55E1222C1A588CB60013B002 /* CVCalendar DemoTests */ = {
			isa = PBXNativeTarget;
			buildConfigurationList = 55E1223A1A588CB60013B002 /* Build configuration list for PBXNativeTarget "CVCalendar DemoTests" */;
			buildPhases = (
				55E122291A588CB60013B002 /* Sources */,
				55E1222A1A588CB60013B002 /* Frameworks */,
				55E1222B1A588CB60013B002 /* Resources */,
			);
			buildRules = (
			);
			dependencies = (
				55E1222F1A588CB60013B002 /* PBXTargetDependency */,
			);
			name = "CVCalendar DemoTests";
			productName = "CVCalendar DemoTests";
			productReference = 55E1222D1A588CB60013B002 /* CVCalendar DemoTests.xctest */;
			productType = "com.apple.product-type.bundle.unit-test";
		};
/* End PBXNativeTarget section */

/* Begin PBXProject section */
		55E122101A588CB60013B002 /* Project object */ = {
			isa = PBXProject;
			attributes = {
				LastSwiftMigration = 0700;
				LastSwiftUpdateCheck = 0700;
				LastUpgradeCheck = 1130;
				ORGANIZATIONNAME = GameApp;
				TargetAttributes = {
					55E122171A588CB60013B002 = {
						CreatedOnToolsVersion = 6.1.1;
						LastSwiftMigration = 1130;
					};
					55E1222C1A588CB60013B002 = {
						CreatedOnToolsVersion = 6.1.1;
						LastSwiftMigration = 1130;
						TestTargetID = 55E122171A588CB60013B002;
					};
				};
			};
			buildConfigurationList = 55E122131A588CB60013B002 /* Build configuration list for PBXProject "CVCalendar Demo" */;
			compatibilityVersion = "Xcode 3.2";
			developmentRegion = en;
			hasScannedForEncodings = 0;
			knownRegions = (
				en,
				Base,
			);
			mainGroup = 55E1220F1A588CB60013B002;
			productRefGroup = 55E122191A588CB60013B002 /* Products */;
			projectDirPath = "";
			projectRoot = "";
			targets = (
				55E122171A588CB60013B002 /* CVCalendar Demo */,
				55E1222C1A588CB60013B002 /* CVCalendar DemoTests */,
			);
		};
/* End PBXProject section */

/* Begin PBXResourcesBuildPhase section */
		55E122161A588CB60013B002 /* Resources */ = {
			isa = PBXResourcesBuildPhase;
			buildActionMask = 2147483647;
			files = (
				55E122231A588CB60013B002 /* Main.storyboard in Resources */,
				55E122281A588CB60013B002 /* LaunchScreen.xib in Resources */,
				55E122251A588CB60013B002 /* Images.xcassets in Resources */,
			);
			runOnlyForDeploymentPostprocessing = 0;
		};
		55E1222B1A588CB60013B002 /* Resources */ = {
			isa = PBXResourcesBuildPhase;
			buildActionMask = 2147483647;
			files = (
			);
			runOnlyForDeploymentPostprocessing = 0;
		};
/* End PBXResourcesBuildPhase section */

/* Begin PBXSourcesBuildPhase section */
		55E122141A588CB60013B002 /* Sources */ = {
			isa = PBXSourcesBuildPhase;
			buildActionMask = 2147483647;
			files = (
				564E034B1D51DA100088B8D3 /* CVCalendarMonthContentViewController.swift in Sources */,
				564E03521D51DA100088B8D3 /* CVCalendarViewAppearanceDelegate.swift in Sources */,
				18E4B2C3202F6BDB00B61996 /* ColorsConfig.swift in Sources */,
				564E03581D51DA100088B8D3 /* CVDate.swift in Sources */,
				55E122201A588CB60013B002 /* ViewController.swift in Sources */,
				564E03481D51DA100088B8D3 /* CVCalendarManager.swift in Sources */,
				564E03451D51DA100088B8D3 /* CVCalendarContentViewController.swift in Sources */,
				564E034D1D51DA100088B8D3 /* CVCalendarTouchController.swift in Sources */,
				564E035D1D51DA100088B8D3 /* CVSet.swift in Sources */,
				564E03441D51DA100088B8D3 /* CVAuxiliaryView.swift in Sources */,
				564E034A1D51DA100088B8D3 /* CVCalendarMenuViewDelegate.swift in Sources */,
				564E035C1D51DA100088B8D3 /* CVSelectionType.swift in Sources */,
				564E03511D51DA100088B8D3 /* CVCalendarViewAppearance.swift in Sources */,
				55E1221E1A588CB60013B002 /* AppDelegate.swift in Sources */,
				564E035B1D51DA100088B8D3 /* CVScrollDirection.swift in Sources */,
				564E03531D51DA100088B8D3 /* CVCalendarViewDelegate.swift in Sources */,
				564E03591D51DA100088B8D3 /* CVPresent.swift in Sources */,
				564E035F1D51DA100088B8D3 /* CVStatus.swift in Sources */,
				564E03601D51DA100088B8D3 /* CVWeekdaySymbolType.swift in Sources */,
				564E03461D51DA100088B8D3 /* CVCalendarDayView.swift in Sources */,
				564E03541D51DA100088B8D3 /* CVCalendarViewPresentationMode.swift in Sources */,
				564E03501D51DA100088B8D3 /* CVCalendarViewAnimatorDelegate.swift in Sources */,
				564E034C1D51DA100088B8D3 /* CVCalendarMonthView.swift in Sources */,
				AAAC86141E4E57C100D098DF /* CVCalendarContentPresentationCoordinator.swift in Sources */,
				564E03491D51DA100088B8D3 /* CVCalendarMenuView.swift in Sources */,
				564E03561D51DA100088B8D3 /* CVCalendarWeekday.swift in Sources */,
				564E034E1D51DA100088B8D3 /* CVCalendarView.swift in Sources */,
				564E03551D51DA100088B8D3 /* CVCalendarWeekContentViewController.swift in Sources */,
				564E035A1D51DA100088B8D3 /* CVRange.swift in Sources */,
				564E034F1D51DA100088B8D3 /* CVCalendarViewAnimator.swift in Sources */,
				564E035E1D51DA100088B8D3 /* CVShape.swift in Sources */,
				564E03471D51DA100088B8D3 /* CVCalendarDayViewControlCoordinator.swift in Sources */,
				564E03571D51DA100088B8D3 /* CVCalendarWeekView.swift in Sources */,
			);
			runOnlyForDeploymentPostprocessing = 0;
		};
		55E122291A588CB60013B002 /* Sources */ = {
			isa = PBXSourcesBuildPhase;
			buildActionMask = 2147483647;
			files = (
				55E122341A588CB60013B002 /* CVCalendar_DemoTests.swift in Sources */,
			);
			runOnlyForDeploymentPostprocessing = 0;
		};
/* End PBXSourcesBuildPhase section */

/* Begin PBXTargetDependency section */
		55E1222F1A588CB60013B002 /* PBXTargetDependency */ = {
			isa = PBXTargetDependency;
			target = 55E122171A588CB60013B002 /* CVCalendar Demo */;
			targetProxy = 55E1222E1A588CB60013B002 /* PBXContainerItemProxy */;
		};
/* End PBXTargetDependency section */

/* Begin PBXVariantGroup section */
		55E122211A588CB60013B002 /* Main.storyboard */ = {
			isa = PBXVariantGroup;
			children = (
				55E122221A588CB60013B002 /* Base */,
			);
			name = Main.storyboard;
			sourceTree = "<group>";
		};
		55E122261A588CB60013B002 /* LaunchScreen.xib */ = {
			isa = PBXVariantGroup;
			children = (
				55E122271A588CB60013B002 /* Base */,
			);
			name = LaunchScreen.xib;
			sourceTree = "<group>";
		};
/* End PBXVariantGroup section */

/* Begin XCBuildConfiguration section */
		55E122351A588CB60013B002 /* Debug */ = {
			isa = XCBuildConfiguration;
			buildSettings = {
				ALWAYS_SEARCH_USER_PATHS = NO;
				CLANG_CXX_LANGUAGE_STANDARD = "gnu++0x";
				CLANG_CXX_LIBRARY = "libc++";
				CLANG_ENABLE_MODULES = YES;
				CLANG_ENABLE_OBJC_ARC = YES;
				CLANG_WARN_BLOCK_CAPTURE_AUTORELEASING = YES;
				CLANG_WARN_BOOL_CONVERSION = YES;
				CLANG_WARN_COMMA = YES;
				CLANG_WARN_CONSTANT_CONVERSION = YES;
				CLANG_WARN_DEPRECATED_OBJC_IMPLEMENTATIONS = YES;
				CLANG_WARN_DIRECT_OBJC_ISA_USAGE = YES_ERROR;
				CLANG_WARN_EMPTY_BODY = YES;
				CLANG_WARN_ENUM_CONVERSION = YES;
				CLANG_WARN_INFINITE_RECURSION = YES;
				CLANG_WARN_INT_CONVERSION = YES;
				CLANG_WARN_NON_LITERAL_NULL_CONVERSION = YES;
				CLANG_WARN_OBJC_IMPLICIT_RETAIN_SELF = YES;
				CLANG_WARN_OBJC_LITERAL_CONVERSION = YES;
				CLANG_WARN_OBJC_ROOT_CLASS = YES_ERROR;
				CLANG_WARN_RANGE_LOOP_ANALYSIS = YES;
				CLANG_WARN_STRICT_PROTOTYPES = YES;
				CLANG_WARN_SUSPICIOUS_MOVE = YES;
				CLANG_WARN_UNREACHABLE_CODE = YES;
				CLANG_WARN__DUPLICATE_METHOD_MATCH = YES;
				"CODE_SIGN_IDENTITY[sdk=iphoneos*]" = "iPhone Developer";
				COPY_PHASE_STRIP = NO;
				ENABLE_STRICT_OBJC_MSGSEND = YES;
				ENABLE_TESTABILITY = YES;
				GCC_C_LANGUAGE_STANDARD = gnu99;
				GCC_DYNAMIC_NO_PIC = NO;
				GCC_NO_COMMON_BLOCKS = YES;
				GCC_OPTIMIZATION_LEVEL = 0;
				GCC_PREPROCESSOR_DEFINITIONS = (
					"DEBUG=1",
					"$(inherited)",
				);
				GCC_SYMBOLS_PRIVATE_EXTERN = NO;
				GCC_WARN_64_TO_32_BIT_CONVERSION = YES;
				GCC_WARN_ABOUT_RETURN_TYPE = YES_ERROR;
				GCC_WARN_UNDECLARED_SELECTOR = YES;
				GCC_WARN_UNINITIALIZED_AUTOS = YES_AGGRESSIVE;
				GCC_WARN_UNUSED_FUNCTION = YES;
				GCC_WARN_UNUSED_VARIABLE = YES;
				IPHONEOS_DEPLOYMENT_TARGET = 8.1;
				MTL_ENABLE_DEBUG_INFO = YES;
				ONLY_ACTIVE_ARCH = YES;
				SDKROOT = iphoneos;
				SWIFT_OPTIMIZATION_LEVEL = "-Onone";
			};
			name = Debug;
		};
		55E122361A588CB60013B002 /* Release */ = {
			isa = XCBuildConfiguration;
			buildSettings = {
				ALWAYS_SEARCH_USER_PATHS = NO;
				CLANG_CXX_LANGUAGE_STANDARD = "gnu++0x";
				CLANG_CXX_LIBRARY = "libc++";
				CLANG_ENABLE_MODULES = YES;
				CLANG_ENABLE_OBJC_ARC = YES;
				CLANG_WARN_BLOCK_CAPTURE_AUTORELEASING = YES;
				CLANG_WARN_BOOL_CONVERSION = YES;
				CLANG_WARN_COMMA = YES;
				CLANG_WARN_CONSTANT_CONVERSION = YES;
				CLANG_WARN_DEPRECATED_OBJC_IMPLEMENTATIONS = YES;
				CLANG_WARN_DIRECT_OBJC_ISA_USAGE = YES_ERROR;
				CLANG_WARN_EMPTY_BODY = YES;
				CLANG_WARN_ENUM_CONVERSION = YES;
				CLANG_WARN_INFINITE_RECURSION = YES;
				CLANG_WARN_INT_CONVERSION = YES;
				CLANG_WARN_NON_LITERAL_NULL_CONVERSION = YES;
				CLANG_WARN_OBJC_IMPLICIT_RETAIN_SELF = YES;
				CLANG_WARN_OBJC_LITERAL_CONVERSION = YES;
				CLANG_WARN_OBJC_ROOT_CLASS = YES_ERROR;
				CLANG_WARN_RANGE_LOOP_ANALYSIS = YES;
				CLANG_WARN_STRICT_PROTOTYPES = YES;
				CLANG_WARN_SUSPICIOUS_MOVE = YES;
				CLANG_WARN_UNREACHABLE_CODE = YES;
				CLANG_WARN__DUPLICATE_METHOD_MATCH = YES;
				"CODE_SIGN_IDENTITY[sdk=iphoneos*]" = "iPhone Developer";
				COPY_PHASE_STRIP = YES;
				ENABLE_NS_ASSERTIONS = NO;
				ENABLE_STRICT_OBJC_MSGSEND = YES;
				GCC_C_LANGUAGE_STANDARD = gnu99;
				GCC_NO_COMMON_BLOCKS = YES;
				GCC_WARN_64_TO_32_BIT_CONVERSION = YES;
				GCC_WARN_ABOUT_RETURN_TYPE = YES_ERROR;
				GCC_WARN_UNDECLARED_SELECTOR = YES;
				GCC_WARN_UNINITIALIZED_AUTOS = YES_AGGRESSIVE;
				GCC_WARN_UNUSED_FUNCTION = YES;
				GCC_WARN_UNUSED_VARIABLE = YES;
				IPHONEOS_DEPLOYMENT_TARGET = 8.1;
				MTL_ENABLE_DEBUG_INFO = NO;
				SDKROOT = iphoneos;
				SWIFT_OPTIMIZATION_LEVEL = "-Owholemodule";
				VALIDATE_PRODUCT = YES;
			};
			name = Release;
		};
		55E122381A588CB60013B002 /* Debug */ = {
			isa = XCBuildConfiguration;
			buildSettings = {
				ASSETCATALOG_COMPILER_APPICON_NAME = AppIcon;
				INFOPLIST_FILE = "CVCalendar Demo/Info.plist";
				LD_RUNPATH_SEARCH_PATHS = "$(inherited) @executable_path/Frameworks";
				PRODUCT_BUNDLE_IDENTIFIER = "com.gameapp.production.$(PRODUCT_NAME:rfc1034identifier)";
				PRODUCT_NAME = "$(TARGET_NAME)";
				SWIFT_VERSION = 5.0;
				TARGETED_DEVICE_FAMILY = "1,2";
			};
			name = Debug;
		};
		55E122391A588CB60013B002 /* Release */ = {
			isa = XCBuildConfiguration;
			buildSettings = {
				ASSETCATALOG_COMPILER_APPICON_NAME = AppIcon;
				INFOPLIST_FILE = "CVCalendar Demo/Info.plist";
				LD_RUNPATH_SEARCH_PATHS = "$(inherited) @executable_path/Frameworks";
				PRODUCT_BUNDLE_IDENTIFIER = "com.gameapp.production.$(PRODUCT_NAME:rfc1034identifier)";
				PRODUCT_NAME = "$(TARGET_NAME)";
				SWIFT_VERSION = 5.0;
				TARGETED_DEVICE_FAMILY = "1,2";
			};
			name = Release;
		};
		55E1223B1A588CB60013B002 /* Debug */ = {
			isa = XCBuildConfiguration;
			buildSettings = {
				BUNDLE_LOADER = "$(TEST_HOST)";
				FRAMEWORK_SEARCH_PATHS = (
					"$(SDKROOT)/Developer/Library/Frameworks",
					"$(inherited)",
				);
				GCC_PREPROCESSOR_DEFINITIONS = (
					"DEBUG=1",
					"$(inherited)",
				);
				INFOPLIST_FILE = "CVCalendar DemoTests/Info.plist";
				LD_RUNPATH_SEARCH_PATHS = "$(inherited) @executable_path/Frameworks @loader_path/Frameworks";
				PRODUCT_BUNDLE_IDENTIFIER = "com.gameapp.production.$(PRODUCT_NAME:rfc1034identifier)";
				PRODUCT_NAME = "$(TARGET_NAME)";
				SWIFT_SWIFT3_OBJC_INFERENCE = On;
				SWIFT_VERSION = 5.0;
				TEST_HOST = "$(BUILT_PRODUCTS_DIR)/CVCalendar Demo.app/CVCalendar Demo";
			};
			name = Debug;
		};
		55E1223C1A588CB60013B002 /* Release */ = {
			isa = XCBuildConfiguration;
			buildSettings = {
				BUNDLE_LOADER = "$(TEST_HOST)";
				FRAMEWORK_SEARCH_PATHS = (
					"$(SDKROOT)/Developer/Library/Frameworks",
					"$(inherited)",
				);
				INFOPLIST_FILE = "CVCalendar DemoTests/Info.plist";
				LD_RUNPATH_SEARCH_PATHS = "$(inherited) @executable_path/Frameworks @loader_path/Frameworks";
				PRODUCT_BUNDLE_IDENTIFIER = "com.gameapp.production.$(PRODUCT_NAME:rfc1034identifier)";
				PRODUCT_NAME = "$(TARGET_NAME)";
				SWIFT_SWIFT3_OBJC_INFERENCE = On;
				SWIFT_VERSION = 5.0;
				TEST_HOST = "$(BUILT_PRODUCTS_DIR)/CVCalendar Demo.app/CVCalendar Demo";
			};
			name = Release;
		};
/* End XCBuildConfiguration section */

/* Begin XCConfigurationList section */
		55E122131A588CB60013B002 /* Build configuration list for PBXProject "CVCalendar Demo" */ = {
			isa = XCConfigurationList;
			buildConfigurations = (
				55E122351A588CB60013B002 /* Debug */,
				55E122361A588CB60013B002 /* Release */,
			);
			defaultConfigurationIsVisible = 0;
			defaultConfigurationName = Release;
		};
		55E122371A588CB60013B002 /* Build configuration list for PBXNativeTarget "CVCalendar Demo" */ = {
			isa = XCConfigurationList;
			buildConfigurations = (
				55E122381A588CB60013B002 /* Debug */,
				55E122391A588CB60013B002 /* Release */,
			);
			defaultConfigurationIsVisible = 0;
			defaultConfigurationName = Release;
		};
		55E1223A1A588CB60013B002 /* Build configuration list for PBXNativeTarget "CVCalendar DemoTests" */ = {
			isa = XCConfigurationList;
			buildConfigurations = (
				55E1223B1A588CB60013B002 /* Debug */,
				55E1223C1A588CB60013B002 /* Release */,
			);
			defaultConfigurationIsVisible = 0;
			defaultConfigurationName = Release;
		};
/* End XCConfigurationList section */
	};
	rootObject = 55E122101A588CB60013B002 /* Project object */;
}
